
Microsoft Visual Studio Solution File, Format Version 12.00
# Visual Studio Version 16
VisualStudioVersion = 16.0.32929.386
MinimumVisualStudioVersion = 10.0.40219.1
Project("{9A19103F-16F7-4668-BE54-9A1E7A4F7556}") = "OfertaFone.WebUI", "OfertaFone\OfertaFone.WebUI.csproj", "{B2A16BFF-71DE-4758-A039-349C9536A8EF}"
EndProject
Project("{9A19103F-16F7-4668-BE54-9A1E7A4F7556}") = "OfertaFone.Infra.Data", "OfertaFone.Infra.Data\OfertaFone.Infra.Data.csproj", "{BE02384A-85B2-4E75-B453-3426499577D8}"
EndProject
Project("{9A19103F-16F7-4668-BE54-9A1E7A4F7556}") = "OfertaFone.Infra.IoC", "OfertaFone.Infra.IoC\OfertaFone.Infra.IoC.csproj", "{B852DEC1-00E5-4D19-B89C-3F4EAEB02E0C}"
	ProjectSection(ProjectDependencies) = postProject
		{8236BFC6-ADF5-48D5-9DB4-F0DCA58F0283} = {8236BFC6-ADF5-48D5-9DB4-F0DCA58F0283}
	EndProjectSection
EndProject
Project("{9A19103F-16F7-4668-BE54-9A1E7A4F7556}") = "OfertaFone.Domain", "OfertaFone.Domain\OfertaFone.Domain.csproj", "{6778CB84-CF66-49D9-9A34-E1917F98FD36}"
EndProject
Project("{9A19103F-16F7-4668-BE54-9A1E7A4F7556}") = "OfertaFone.Utils", "OfertaFone.Utils\OfertaFone.Utils.csproj", "{8236BFC6-ADF5-48D5-9DB4-F0DCA58F0283}"
	ProjectSection(ProjectDependencies) = postProject
		{6778CB84-CF66-49D9-9A34-E1917F98FD36} = {6778CB84-CF66-49D9-9A34-E1917F98FD36}
	EndProjectSection
EndProject
Global
	GlobalSection(SolutionConfigurationPlatforms) = preSolution
		Debug|Any CPU = Debug|Any CPU
		Release|Any CPU = Release|Any CPU
	EndGlobalSection
	GlobalSection(ProjectConfigurationPlatforms) = postSolution
		{B2A16BFF-71DE-4758-A039-349C9536A8EF}.Debug|Any CPU.ActiveCfg = Debug|Any CPU
		{B2A16BFF-71DE-4758-A039-349C9536A8EF}.Debug|Any CPU.Build.0 = Debug|Any CPU
		{B2A16BFF-71DE-4758-A039-349C9536A8EF}.Release|Any CPU.ActiveCfg = Release|Any CPU
		{B2A16BFF-71DE-4758-A039-349C9536A8EF}.Release|Any CPU.Build.0 = Release|Any CPU
		{BE02384A-85B2-4E75-B453-3426499577D8}.Debug|Any CPU.ActiveCfg = Debug|Any CPU
		{BE02384A-85B2-4E75-B453-3426499577D8}.Debug|Any CPU.Build.0 = Debug|Any CPU
		{BE02384A-85B2-4E75-B453-3426499577D8}.Release|Any CPU.ActiveCfg = Release|Any CPU
		{BE02384A-85B2-4E75-B453-3426499577D8}.Release|Any CPU.Build.0 = Release|Any CPU
		{B852DEC1-00E5-4D19-B89C-3F4EAEB02E0C}.Debug|Any CPU.ActiveCfg = Debug|Any CPU
		{B852DEC1-00E5-4D19-B89C-3F4EAEB02E0C}.Debug|Any CPU.Build.0 = Debug|Any CPU
		{B852DEC1-00E5-4D19-B89C-3F4EAEB02E0C}.Release|Any CPU.ActiveCfg = Release|Any CPU
		{B852DEC1-00E5-4D19-B89C-3F4EAEB02E0C}.Release|Any CPU.Build.0 = Release|Any CPU
		{6778CB84-CF66-49D9-9A34-E1917F98FD36}.Debug|Any CPU.ActiveCfg = Debug|Any CPU
		{6778CB84-CF66-49D9-9A34-E1917F98FD36}.Debug|Any CPU.Build.0 = Debug|Any CPU
		{6778CB84-CF66-49D9-9A34-E1917F98FD36}.Release|Any CPU.ActiveCfg = Release|Any CPU
		{6778CB84-CF66-49D9-9A34-E1917F98FD36}.Release|Any CPU.Build.0 = Release|Any CPU
		{8236BFC6-ADF5-48D5-9DB4-F0DCA58F0283}.Debug|Any CPU.ActiveCfg = Debug|Any CPU
		{8236BFC6-ADF5-48D5-9DB4-F0DCA58F0283}.Debug|Any CPU.Build.0 = Debug|Any CPU
		{8236BFC6-ADF5-48D5-9DB4-F0DCA58F0283}.Release|Any CPU.ActiveCfg = Release|Any CPU
		{8236BFC6-ADF5-48D5-9DB4-F0DCA58F0283}.Release|Any CPU.Build.0 = Release|Any CPU
	EndGlobalSection
	GlobalSection(SolutionProperties) = preSolution
		HideSolutionNode = FALSE
	EndGlobalSection
	GlobalSection(ExtensibilityGlobals) = postSolution
		SolutionGuid = {C22EA204-C8FB-4268-9286-CC16648D2091}
	EndGlobalSection
EndGlobal
